
Microsoft Visual Studio Solution File, Format Version 12.00
# Visual Studio Version 17
VisualStudioVersion = 17.8.34309.116
MinimumVisualStudioVersion = 10.0.40219.1
Project("{9A19103F-16F7-4668-BE54-9A1E7A4F7556}") = "PLAspNetCoreFundamentals", "PLAspNetCoreFundamentals\PLAspNetCoreFundamentals.csproj", "{71825F7C-EF42-4499-BFF6-C15BBEA9FF6D}"
EndProject
Project("{FAE04EC0-301F-11D3-BF4B-00C04F79EFBC}") = "AspNetCoreFundamentalsTests", "AspNetCoreFundamentalsTests\AspNetCoreFundamentalsTests.csproj", "{219257B5-B8F4-472A-AA19-A5C9678808A5}"
EndProject
Project("{FAE04EC0-301F-11D3-BF4B-00C04F79EFBC}") = "BasicBlazorApp", "BasicBlazorApp\BasicBlazorApp.csproj", "{4066C7E5-AAEB-4534-9269-19A916D321ED}"
EndProject
Global
	GlobalSection(SolutionConfigurationPlatforms) = preSolution
		Debug|Any CPU = Debug|Any CPU
		Release|Any CPU = Release|Any CPU
	EndGlobalSection
	GlobalSection(ProjectConfigurationPlatforms) = postSolution
		{71825F7C-EF42-4499-BFF6-C15BBEA9FF6D}.Debug|Any CPU.ActiveCfg = Debug|Any CPU
		{71825F7C-EF42-4499-BFF6-C15BBEA9FF6D}.Debug|Any CPU.Build.0 = Debug|Any CPU
		{71825F7C-EF42-4499-BFF6-C15BBEA9FF6D}.Release|Any CPU.ActiveCfg = Release|Any CPU
		{71825F7C-EF42-4499-BFF6-C15BBEA9FF6D}.Release|Any CPU.Build.0 = Release|Any CPU
		{219257B5-B8F4-472A-AA19-A5C9678808A5}.Debug|Any CPU.ActiveCfg = Debug|Any CPU
		{219257B5-B8F4-472A-AA19-A5C9678808A5}.Debug|Any CPU.Build.0 = Debug|Any CPU
		{219257B5-B8F4-472A-AA19-A5C9678808A5}.Release|Any CPU.ActiveCfg = Release|Any CPU
		{219257B5-B8F4-472A-AA19-A5C9678808A5}.Release|Any CPU.Build.0 = Release|Any CPU
		{4066C7E5-AAEB-4534-9269-19A916D321ED}.Debug|Any CPU.ActiveCfg = Debug|Any CPU
		{4066C7E5-AAEB-4534-9269-19A916D321ED}.Debug|Any CPU.Build.0 = Debug|Any CPU
		{4066C7E5-AAEB-4534-9269-19A916D321ED}.Release|Any CPU.ActiveCfg = Release|Any CPU
		{4066C7E5-AAEB-4534-9269-19A916D321ED}.Release|Any CPU.Build.0 = Release|Any CPU
	EndGlobalSection
	GlobalSection(SolutionProperties) = preSolution
		HideSolutionNode = FALSE
	EndGlobalSection
	GlobalSection(ExtensibilityGlobals) = postSolution
		SolutionGuid = {E4A1150F-1AB9-466C-AC2D-9DE40CDFAE6B}
	EndGlobalSection
EndGlobal
